hash: 866e28c3cb0c8e074e79f5faef88f3f4eeca305037b01a1c0fc0485416c9c1a7
updated: 2016-12-11T22:09:04.29402374-05:00
imports:
- name: github.com/julienschmidt/httprouter
  version: 5dd70ee059943e81987a817fa1a755b11dd119c1
- name: github.com/urfave/negroni
  version: fde5e16d32adc7ad637e9cd9ad21d4ebc6192535
testImports: []
